
Microsoft Visual Studio Solution File, Format Version 12.00
# Visual Studio Version 17
VisualStudioVersion = 17.0.31903.59
MinimumVisualStudioVersion = 10.0.40219.1
Project("{2150E333-8FDC-42A3-9474-1A3956D46DE8}") = "src", "src", "{08398860-7D5A-42E6-AB32-3EB28DC71588}"
EndProject
Project("{2150E333-8FDC-42A3-9474-1A3956D46DE8}") = "bus", "bus", "{AC57A966-001B-4CCE-9CAA-0B5A27E26463}"
EndProject
Project("{FAE04EC0-301F-11D3-BF4B-00C04F79EFBC}") = "Bus.Domain", "src\bus\Bus.Domain\Bus.Domain.csproj", "{6512177E-A3BF-4AD4-B3B6-E12147F1443C}"
EndProject
Project("{FAE04EC0-301F-11D3-BF4B-00C04F79EFBC}") = "Bus.Infra.Bus", "src\bus\Bus.Infra.Bus\Bus.Infra.Bus.csproj", "{5A72BF4D-3D15-4603-88CE-1910FD25D335}"
EndProject
Project("{FAE04EC0-301F-11D3-BF4B-00C04F79EFBC}") = "Bus.Infra.IoC", "src\bus\Bus.Infra.IoC\Bus.Infra.IoC.csproj", "{7594A91B-758B-408B-BA00-B177C4AF5561}"
EndProject
Project("{2150E333-8FDC-42A3-9474-1A3956D46DE8}") = "microservices", "microservices", "{9F252CB9-FB15-4055-B24B-2CAB3D4BAE2D}"
EndProject
Project("{2150E333-8FDC-42A3-9474-1A3956D46DE8}") = "report", "report", "{787E6916-3CA0-49E0-A947-871B6E7A891F}"
EndProject
Project("{FAE04EC0-301F-11D3-BF4B-00C04F79EFBC}") = "Report.API", "src\microservices\report\Report.API\Report.API.csproj", "{94884CA6-C60E-43C2-A400-94C3409B8CCB}"
EndProject
Project("{FAE04EC0-301F-11D3-BF4B-00C04F79EFBC}") = "Report.Domain", "src\microservices\report\Report.Domain\Report.Domain.csproj", "{9EA916B6-F008-4D34-A6D3-182B8749016A}"
EndProject
Project("{2150E333-8FDC-42A3-9474-1A3956D46DE8}") = "ocurrences", "ocurrences", "{D2A06EA9-DBEA-4B4E-814A-E6265942A4EA}"
EndProject
Project("{FAE04EC0-301F-11D3-BF4B-00C04F79EFBC}") = "Ocurrences.API", "src\microservices\ocurrences\Ocurrences.API\Ocurrences.API.csproj", "{18801C21-248D-43CA-BD99-1FEB961D8DC7}"
EndProject
Project("{FAE04EC0-301F-11D3-BF4B-00C04F79EFBC}") = "Ocurrences.Domain", "src\microservices\ocurrences\Ocurrences.Domain\Ocurrences.Domain.csproj", "{BCE9CD6F-4656-4FF8-8DDB-4BB7BB2C8F69}"
EndProject
Project("{FAE04EC0-301F-11D3-BF4B-00C04F79EFBC}") = "Ocurrences.Infra.Data", "src\microservices\ocurrences\Ocurrences.Infra.Data\Ocurrences.Infra.Data.csproj", "{6FA1FD60-176D-4A13-8FDC-0E5A948BEF46}"
EndProject
Project("{FAE04EC0-301F-11D3-BF4B-00C04F79EFBC}") = "Ocurrences.Domain.Core", "src\microservices\ocurrences\Ocurrences.Domain.Core\Ocurrences.Domain.Core.csproj", "{285D0A57-A0F6-43F9-8C74-6281C5EEA42E}"
EndProject
Global
	GlobalSection(SolutionConfigurationPlatforms) = preSolution
		Debug|Any CPU = Debug|Any CPU
		Release|Any CPU = Release|Any CPU
	EndGlobalSection
	GlobalSection(SolutionProperties) = preSolution
		HideSolutionNode = FALSE
	EndGlobalSection
	GlobalSection(ProjectConfigurationPlatforms) = postSolution
		{6512177E-A3BF-4AD4-B3B6-E12147F1443C}.Debug|Any CPU.ActiveCfg = Debug|Any CPU
		{6512177E-A3BF-4AD4-B3B6-E12147F1443C}.Debug|Any CPU.Build.0 = Debug|Any CPU
		{6512177E-A3BF-4AD4-B3B6-E12147F1443C}.Release|Any CPU.ActiveCfg = Release|Any CPU
		{6512177E-A3BF-4AD4-B3B6-E12147F1443C}.Release|Any CPU.Build.0 = Release|Any CPU
		{5A72BF4D-3D15-4603-88CE-1910FD25D335}.Debug|Any CPU.ActiveCfg = Debug|Any CPU
		{5A72BF4D-3D15-4603-88CE-1910FD25D335}.Debug|Any CPU.Build.0 = Debug|Any CPU
		{5A72BF4D-3D15-4603-88CE-1910FD25D335}.Release|Any CPU.ActiveCfg = Release|Any CPU
		{5A72BF4D-3D15-4603-88CE-1910FD25D335}.Release|Any CPU.Build.0 = Release|Any CPU
		{7594A91B-758B-408B-BA00-B177C4AF5561}.Debug|Any CPU.ActiveCfg = Debug|Any CPU
		{7594A91B-758B-408B-BA00-B177C4AF5561}.Debug|Any CPU.Build.0 = Debug|Any CPU
		{7594A91B-758B-408B-BA00-B177C4AF5561}.Release|Any CPU.ActiveCfg = Release|Any CPU
		{7594A91B-758B-408B-BA00-B177C4AF5561}.Release|Any CPU.Build.0 = Release|Any CPU
		{94884CA6-C60E-43C2-A400-94C3409B8CCB}.Debug|Any CPU.ActiveCfg = Debug|Any CPU
		{94884CA6-C60E-43C2-A400-94C3409B8CCB}.Debug|Any CPU.Build.0 = Debug|Any CPU
		{94884CA6-C60E-43C2-A400-94C3409B8CCB}.Release|Any CPU.ActiveCfg = Release|Any CPU
		{94884CA6-C60E-43C2-A400-94C3409B8CCB}.Release|Any CPU.Build.0 = Release|Any CPU
		{9EA916B6-F008-4D34-A6D3-182B8749016A}.Debug|Any CPU.ActiveCfg = Debug|Any CPU
		{9EA916B6-F008-4D34-A6D3-182B8749016A}.Debug|Any CPU.Build.0 = Debug|Any CPU
		{9EA916B6-F008-4D34-A6D3-182B8749016A}.Release|Any CPU.ActiveCfg = Release|Any CPU
		{9EA916B6-F008-4D34-A6D3-182B8749016A}.Release|Any CPU.Build.0 = Release|Any CPU
		{18801C21-248D-43CA-BD99-1FEB961D8DC7}.Debug|Any CPU.ActiveCfg = Debug|Any CPU
		{18801C21-248D-43CA-BD99-1FEB961D8DC7}.Debug|Any CPU.Build.0 = Debug|Any CPU
		{18801C21-248D-43CA-BD99-1FEB961D8DC7}.Release|Any CPU.ActiveCfg = Release|Any CPU
		{18801C21-248D-43CA-BD99-1FEB961D8DC7}.Release|Any CPU.Build.0 = Release|Any CPU
		{BCE9CD6F-4656-4FF8-8DDB-4BB7BB2C8F69}.Debug|Any CPU.ActiveCfg = Debug|Any CPU
		{BCE9CD6F-4656-4FF8-8DDB-4BB7BB2C8F69}.Debug|Any CPU.Build.0 = Debug|Any CPU
		{BCE9CD6F-4656-4FF8-8DDB-4BB7BB2C8F69}.Release|Any CPU.ActiveCfg = Release|Any CPU
		{BCE9CD6F-4656-4FF8-8DDB-4BB7BB2C8F69}.Release|Any CPU.Build.0 = Release|Any CPU
		{6FA1FD60-176D-4A13-8FDC-0E5A948BEF46}.Debug|Any CPU.ActiveCfg = Debug|Any CPU
		{6FA1FD60-176D-4A13-8FDC-0E5A948BEF46}.Debug|Any CPU.Build.0 = Debug|Any CPU
		{6FA1FD60-176D-4A13-8FDC-0E5A948BEF46}.Release|Any CPU.ActiveCfg = Release|Any CPU
		{6FA1FD60-176D-4A13-8FDC-0E5A948BEF46}.Release|Any CPU.Build.0 = Release|Any CPU
		{285D0A57-A0F6-43F9-8C74-6281C5EEA42E}.Debug|Any CPU.ActiveCfg = Debug|Any CPU
		{285D0A57-A0F6-43F9-8C74-6281C5EEA42E}.Debug|Any CPU.Build.0 = Debug|Any CPU
		{285D0A57-A0F6-43F9-8C74-6281C5EEA42E}.Release|Any CPU.ActiveCfg = Release|Any CPU
		{285D0A57-A0F6-43F9-8C74-6281C5EEA42E}.Release|Any CPU.Build.0 = Release|Any CPU
	EndGlobalSection
	GlobalSection(NestedProjects) = preSolution
		{AC57A966-001B-4CCE-9CAA-0B5A27E26463} = {08398860-7D5A-42E6-AB32-3EB28DC71588}
		{6512177E-A3BF-4AD4-B3B6-E12147F1443C} = {AC57A966-001B-4CCE-9CAA-0B5A27E26463}
		{5A72BF4D-3D15-4603-88CE-1910FD25D335} = {AC57A966-001B-4CCE-9CAA-0B5A27E26463}
		{7594A91B-758B-408B-BA00-B177C4AF5561} = {AC57A966-001B-4CCE-9CAA-0B5A27E26463}
		{9F252CB9-FB15-4055-B24B-2CAB3D4BAE2D} = {08398860-7D5A-42E6-AB32-3EB28DC71588}
		{787E6916-3CA0-49E0-A947-871B6E7A891F} = {9F252CB9-FB15-4055-B24B-2CAB3D4BAE2D}
		{94884CA6-C60E-43C2-A400-94C3409B8CCB} = {787E6916-3CA0-49E0-A947-871B6E7A891F}
		{9EA916B6-F008-4D34-A6D3-182B8749016A} = {787E6916-3CA0-49E0-A947-871B6E7A891F}
		{D2A06EA9-DBEA-4B4E-814A-E6265942A4EA} = {9F252CB9-FB15-4055-B24B-2CAB3D4BAE2D}
		{18801C21-248D-43CA-BD99-1FEB961D8DC7} = {D2A06EA9-DBEA-4B4E-814A-E6265942A4EA}
		{BCE9CD6F-4656-4FF8-8DDB-4BB7BB2C8F69} = {D2A06EA9-DBEA-4B4E-814A-E6265942A4EA}
		{6FA1FD60-176D-4A13-8FDC-0E5A948BEF46} = {D2A06EA9-DBEA-4B4E-814A-E6265942A4EA}
		{285D0A57-A0F6-43F9-8C74-6281C5EEA42E} = {D2A06EA9-DBEA-4B4E-814A-E6265942A4EA}
	EndGlobalSection
EndGlobal
