
Microsoft Visual Studio Solution File, Format Version 12.00
# Visual Studio Version 17
VisualStudioVersion = 17.0.31903.59
MinimumVisualStudioVersion = 10.0.40219.1
Project("{2150E333-8FDC-42A3-9474-1A3956D46DE8}") = "src", "src", "{8919D724-B4F4-48E3-B7EF-828C5261F143}"
EndProject
Project("{FAE04EC0-301F-11D3-BF4B-00C04F79EFBC}") = "MSRabbitMQ.Domain.Core", "src\MSRabbitMQ.Domain.Core\MSRabbitMQ.Domain.Core.csproj", "{68EF760C-8523-46D7-AEC0-DB42C96166EA}"
EndProject
Project("{FAE04EC0-301F-11D3-BF4B-00C04F79EFBC}") = "MSRabbitMQ.Infra.Bus", "src\MSRabbitMQ.Infra.Bus\MSRabbitMQ.Infra.Bus.csproj", "{F407074D-A7D3-4554-BB04-82704B3F2805}"
EndProject
Project("{FAE04EC0-301F-11D3-BF4B-00C04F79EFBC}") = "MSRabbitMQ.Infra.IoC", "src\MSRabbitMQ.Infra.IoC\MSRabbitMQ.Infra.IoC.csproj", "{0BF2D294-CADE-429D-A829-91E7C8D3A45A}"
EndProject
Project("{2150E333-8FDC-42A3-9474-1A3956D46DE8}") = "Microservices", "Microservices", "{16B62214-8E5E-4D14-B3EA-7ADB6CFA878B}"
EndProject
Project("{FAE04EC0-301F-11D3-BF4B-00C04F79EFBC}") = "Banking.API", "src\Microservices\Banking.APi\Banking.API.csproj", "{87C031B3-D43D-458D-BA24-2B41007FB9F6}"
EndProject
Project("{FAE04EC0-301F-11D3-BF4B-00C04F79EFBC}") = "Banking.Application", "src\Microservices\Banking.Application\Banking.Application.csproj", "{28C66F2E-1895-469C-B30C-53B107430EDF}"
EndProject
Project("{FAE04EC0-301F-11D3-BF4B-00C04F79EFBC}") = "Banking.Infra.Data", "src\Microservices\Banking.Infra.Data\Banking.Infra.Data.csproj", "{08E33D1F-5DD2-4A10-B6E9-FAA81A095BE2}"
EndProject
Project("{FAE04EC0-301F-11D3-BF4B-00C04F79EFBC}") = "Banking.Domain", "src\Microservices\Banking.Domain\Banking.Domain.csproj", "{3E0230F5-4424-4282-99CB-0D902C1FD7BA}"
EndProject
Project("{FAE04EC0-301F-11D3-BF4B-00C04F79EFBC}") = "Transfer.API", "src\Microservices\Transfer.API\Transfer.API.csproj", "{A6DE39B0-CB1A-4BB7-942D-EAC723567065}"
EndProject
Project("{FAE04EC0-301F-11D3-BF4B-00C04F79EFBC}") = "Transfer.Application", "src\Microservices\Transfer.Application\Transfer.Application.csproj", "{B1506E47-1A15-494A-ADE3-056EC213B001}"
EndProject
Project("{FAE04EC0-301F-11D3-BF4B-00C04F79EFBC}") = "Transfer.Domain", "src\Microservices\Transfer.Domain\Transfer.Domain.csproj", "{75B622E6-1EB6-4986-A994-8825CE88AE37}"
EndProject
Project("{FAE04EC0-301F-11D3-BF4B-00C04F79EFBC}") = "Transfer.Infra.Data", "src\Microservices\Transfer.Infra.Data\Transfer.Infra.Data.csproj", "{1BCBC2E7-A8DB-4E90-BA6E-C84DFD51CB98}"
EndProject
Global
	GlobalSection(SolutionConfigurationPlatforms) = preSolution
		Debug|Any CPU = Debug|Any CPU
		Release|Any CPU = Release|Any CPU
	EndGlobalSection
	GlobalSection(SolutionProperties) = preSolution
		HideSolutionNode = FALSE
	EndGlobalSection
	GlobalSection(ProjectConfigurationPlatforms) = postSolution
		{68EF760C-8523-46D7-AEC0-DB42C96166EA}.Debug|Any CPU.ActiveCfg = Debug|Any CPU
		{68EF760C-8523-46D7-AEC0-DB42C96166EA}.Debug|Any CPU.Build.0 = Debug|Any CPU
		{68EF760C-8523-46D7-AEC0-DB42C96166EA}.Release|Any CPU.ActiveCfg = Release|Any CPU
		{68EF760C-8523-46D7-AEC0-DB42C96166EA}.Release|Any CPU.Build.0 = Release|Any CPU
		{F407074D-A7D3-4554-BB04-82704B3F2805}.Debug|Any CPU.ActiveCfg = Debug|Any CPU
		{F407074D-A7D3-4554-BB04-82704B3F2805}.Debug|Any CPU.Build.0 = Debug|Any CPU
		{F407074D-A7D3-4554-BB04-82704B3F2805}.Release|Any CPU.ActiveCfg = Release|Any CPU
		{F407074D-A7D3-4554-BB04-82704B3F2805}.Release|Any CPU.Build.0 = Release|Any CPU
		{0BF2D294-CADE-429D-A829-91E7C8D3A45A}.Debug|Any CPU.ActiveCfg = Debug|Any CPU
		{0BF2D294-CADE-429D-A829-91E7C8D3A45A}.Debug|Any CPU.Build.0 = Debug|Any CPU
		{0BF2D294-CADE-429D-A829-91E7C8D3A45A}.Release|Any CPU.ActiveCfg = Release|Any CPU
		{0BF2D294-CADE-429D-A829-91E7C8D3A45A}.Release|Any CPU.Build.0 = Release|Any CPU
		{87C031B3-D43D-458D-BA24-2B41007FB9F6}.Debug|Any CPU.ActiveCfg = Debug|Any CPU
		{87C031B3-D43D-458D-BA24-2B41007FB9F6}.Debug|Any CPU.Build.0 = Debug|Any CPU
		{87C031B3-D43D-458D-BA24-2B41007FB9F6}.Release|Any CPU.ActiveCfg = Release|Any CPU
		{87C031B3-D43D-458D-BA24-2B41007FB9F6}.Release|Any CPU.Build.0 = Release|Any CPU
		{28C66F2E-1895-469C-B30C-53B107430EDF}.Debug|Any CPU.ActiveCfg = Debug|Any CPU
		{28C66F2E-1895-469C-B30C-53B107430EDF}.Debug|Any CPU.Build.0 = Debug|Any CPU
		{28C66F2E-1895-469C-B30C-53B107430EDF}.Release|Any CPU.ActiveCfg = Release|Any CPU
		{28C66F2E-1895-469C-B30C-53B107430EDF}.Release|Any CPU.Build.0 = Release|Any CPU
		{08E33D1F-5DD2-4A10-B6E9-FAA81A095BE2}.Debug|Any CPU.ActiveCfg = Debug|Any CPU
		{08E33D1F-5DD2-4A10-B6E9-FAA81A095BE2}.Debug|Any CPU.Build.0 = Debug|Any CPU
		{08E33D1F-5DD2-4A10-B6E9-FAA81A095BE2}.Release|Any CPU.ActiveCfg = Release|Any CPU
		{08E33D1F-5DD2-4A10-B6E9-FAA81A095BE2}.Release|Any CPU.Build.0 = Release|Any CPU
		{3E0230F5-4424-4282-99CB-0D902C1FD7BA}.Debug|Any CPU.ActiveCfg = Debug|Any CPU
		{3E0230F5-4424-4282-99CB-0D902C1FD7BA}.Debug|Any CPU.Build.0 = Debug|Any CPU
		{3E0230F5-4424-4282-99CB-0D902C1FD7BA}.Release|Any CPU.ActiveCfg = Release|Any CPU
		{3E0230F5-4424-4282-99CB-0D902C1FD7BA}.Release|Any CPU.Build.0 = Release|Any CPU
		{A6DE39B0-CB1A-4BB7-942D-EAC723567065}.Debug|Any CPU.ActiveCfg = Debug|Any CPU
		{A6DE39B0-CB1A-4BB7-942D-EAC723567065}.Debug|Any CPU.Build.0 = Debug|Any CPU
		{A6DE39B0-CB1A-4BB7-942D-EAC723567065}.Release|Any CPU.ActiveCfg = Release|Any CPU
		{A6DE39B0-CB1A-4BB7-942D-EAC723567065}.Release|Any CPU.Build.0 = Release|Any CPU
		{B1506E47-1A15-494A-ADE3-056EC213B001}.Debug|Any CPU.ActiveCfg = Debug|Any CPU
		{B1506E47-1A15-494A-ADE3-056EC213B001}.Debug|Any CPU.Build.0 = Debug|Any CPU
		{B1506E47-1A15-494A-ADE3-056EC213B001}.Release|Any CPU.ActiveCfg = Release|Any CPU
		{B1506E47-1A15-494A-ADE3-056EC213B001}.Release|Any CPU.Build.0 = Release|Any CPU
		{75B622E6-1EB6-4986-A994-8825CE88AE37}.Debug|Any CPU.ActiveCfg = Debug|Any CPU
		{75B622E6-1EB6-4986-A994-8825CE88AE37}.Debug|Any CPU.Build.0 = Debug|Any CPU
		{75B622E6-1EB6-4986-A994-8825CE88AE37}.Release|Any CPU.ActiveCfg = Release|Any CPU
		{75B622E6-1EB6-4986-A994-8825CE88AE37}.Release|Any CPU.Build.0 = Release|Any CPU
		{1BCBC2E7-A8DB-4E90-BA6E-C84DFD51CB98}.Debug|Any CPU.ActiveCfg = Debug|Any CPU
		{1BCBC2E7-A8DB-4E90-BA6E-C84DFD51CB98}.Debug|Any CPU.Build.0 = Debug|Any CPU
		{1BCBC2E7-A8DB-4E90-BA6E-C84DFD51CB98}.Release|Any CPU.ActiveCfg = Release|Any CPU
		{1BCBC2E7-A8DB-4E90-BA6E-C84DFD51CB98}.Release|Any CPU.Build.0 = Release|Any CPU
	EndGlobalSection
	GlobalSection(NestedProjects) = preSolution
		{68EF760C-8523-46D7-AEC0-DB42C96166EA} = {8919D724-B4F4-48E3-B7EF-828C5261F143}
		{F407074D-A7D3-4554-BB04-82704B3F2805} = {8919D724-B4F4-48E3-B7EF-828C5261F143}
		{0BF2D294-CADE-429D-A829-91E7C8D3A45A} = {8919D724-B4F4-48E3-B7EF-828C5261F143}
		{16B62214-8E5E-4D14-B3EA-7ADB6CFA878B} = {8919D724-B4F4-48E3-B7EF-828C5261F143}
		{87C031B3-D43D-458D-BA24-2B41007FB9F6} = {16B62214-8E5E-4D14-B3EA-7ADB6CFA878B}
		{28C66F2E-1895-469C-B30C-53B107430EDF} = {16B62214-8E5E-4D14-B3EA-7ADB6CFA878B}
		{08E33D1F-5DD2-4A10-B6E9-FAA81A095BE2} = {16B62214-8E5E-4D14-B3EA-7ADB6CFA878B}
		{3E0230F5-4424-4282-99CB-0D902C1FD7BA} = {16B62214-8E5E-4D14-B3EA-7ADB6CFA878B}
		{A6DE39B0-CB1A-4BB7-942D-EAC723567065} = {16B62214-8E5E-4D14-B3EA-7ADB6CFA878B}
		{B1506E47-1A15-494A-ADE3-056EC213B001} = {16B62214-8E5E-4D14-B3EA-7ADB6CFA878B}
		{75B622E6-1EB6-4986-A994-8825CE88AE37} = {16B62214-8E5E-4D14-B3EA-7ADB6CFA878B}
		{1BCBC2E7-A8DB-4E90-BA6E-C84DFD51CB98} = {16B62214-8E5E-4D14-B3EA-7ADB6CFA878B}
	EndGlobalSection
EndGlobal
